
Microsoft Visual Studio Solution File, Format Version 12.00
# Visual Studio Version 16
VisualStudioVersion = 16.0.30621.155
MinimumVisualStudioVersion = 10.0.40219.1
Project("{FAE04EC0-301F-11D3-BF4B-00C04F79EFBC}") = "file_structure", "file_structure\file_structure.csproj", "{E53C1984-F8C9-49CE-AE55-58E8D1B6181F}"
EndProject
Project("{9A19103F-16F7-4668-BE54-9A1E7A4F7556}") = "sample", "sample\sample.csproj", "{CAFF3725-AD3F-4A9A-8657-6EC12DA1B831}"
EndProject
Project("{9A19103F-16F7-4668-BE54-9A1E7A4F7556}") = "AnyPrefix.Microsoft.Dynamic", "ironpython2\Src\DLR\Src\Microsoft.Dynamic\AnyPrefix.Microsoft.Dynamic.csproj", "{6D6399A7-67E4-485E-B824-CA6689130FB4}"
EndProject
Project("{2150E333-8FDC-42A3-9474-1A3956D46DE8}") = "IronPython", "IronPython", "{08856307-9386-42F6-82CC-EB1A32189B65}"
EndProject
Project("{9A19103F-16F7-4668-BE54-9A1E7A4F7556}") = "AnyPrefix.Microsoft.Scripting", "ironpython2\Src\DLR\Src\Microsoft.Scripting\AnyPrefix.Microsoft.Scripting.csproj", "{023C81A9-227E-48E2-86E3-2CA6BE4C7797}"
EndProject
Project("{9A19103F-16F7-4668-BE54-9A1E7A4F7556}") = "AnyPrefix.Microsoft.Scripting.Metadata", "ironpython2\Src\DLR\Src\Microsoft.Scripting.Metadata\AnyPrefix.Microsoft.Scripting.Metadata.csproj", "{E1CE2F68-68BE-44D7-8059-082C2FD7FC6C}"
EndProject
Project("{9A19103F-16F7-4668-BE54-9A1E7A4F7556}") = "IronPython", "ironpython2\Src\IronPython\IronPython.csproj", "{7A8A9E2F-200F-4733-81F4-B694B95AF167}"
EndProject
Project("{9A19103F-16F7-4668-BE54-9A1E7A4F7556}") = "IronPython.Modules", "ironpython2\Src\IronPython.Modules\IronPython.Modules.csproj", "{3F7FD126-46B2-463D-9BC7-D6D0A013BF85}"
EndProject
Project("{9A19103F-16F7-4668-BE54-9A1E7A4F7556}") = "UwpExtension", "ironpython2\Src\UwpExtension\UwpExtension.csproj", "{C99D616A-9A87-472D-A1F5-825E463484C8}"
EndProject
Project("{9A19103F-16F7-4668-BE54-9A1E7A4F7556}") = "NeoLua", "NeoLua\NeoLua.csproj", "{D513AE39-226D-4854-A285-DF2F4CA98C87}"
EndProject
Project("{9A19103F-16F7-4668-BE54-9A1E7A4F7556}") = "kernel", "kernel\kernel.csproj", "{26CA8949-C20A-405D-B6F5-A8DE411E71A5}"
EndProject
Project("{FAE04EC0-301F-11D3-BF4B-00C04F79EFBC}") = "mp4", "mp4\mp4.csproj", "{15B8A9A6-71FE-4820-BD92-59E012F02DEF}"
EndProject
Project("{FAE04EC0-301F-11D3-BF4B-00C04F79EFBC}") = "Editor", "Editor\Editor.csproj", "{AF070E4E-81F9-4759-8537-EDD67E7163F2}"
EndProject

Global
	GlobalSection(SolutionConfigurationPlatforms) = preSolution
		Debug|Any CPU = Debug|Any CPU
		Debug|ARM = Debug|ARM
		Debug|ARM64 = Debug|ARM64
		Debug|x64 = Debug|x64
		Debug|x86 = Debug|x86
		Release|Any CPU = Release|Any CPU
		Release|ARM = Release|ARM
		Release|ARM64 = Release|ARM64
		Release|x64 = Release|x64
		Release|x86 = Release|x86
	EndGlobalSection
	GlobalSection(ProjectConfigurationPlatforms) = postSolution
		{E53C1984-F8C9-49CE-AE55-58E8D1B6181F}.Debug|Any CPU.ActiveCfg = Debug|x86
		{E53C1984-F8C9-49CE-AE55-58E8D1B6181F}.Debug|ARM.ActiveCfg = Debug|ARM
		{E53C1984-F8C9-49CE-AE55-58E8D1B6181F}.Debug|ARM.Build.0 = Debug|ARM
		{E53C1984-F8C9-49CE-AE55-58E8D1B6181F}.Debug|ARM.Deploy.0 = Debug|ARM
		{E53C1984-F8C9-49CE-AE55-58E8D1B6181F}.Debug|ARM64.ActiveCfg = Debug|ARM64
		{E53C1984-F8C9-49CE-AE55-58E8D1B6181F}.Debug|ARM64.Build.0 = Debug|ARM64
		{E53C1984-F8C9-49CE-AE55-58E8D1B6181F}.Debug|ARM64.Deploy.0 = Debug|ARM64
		{E53C1984-F8C9-49CE-AE55-58E8D1B6181F}.Debug|x64.ActiveCfg = Debug|x64
		{E53C1984-F8C9-49CE-AE55-58E8D1B6181F}.Debug|x64.Build.0 = Debug|x64
		{E53C1984-F8C9-49CE-AE55-58E8D1B6181F}.Debug|x64.Deploy.0 = Debug|x64
		{E53C1984-F8C9-49CE-AE55-58E8D1B6181F}.Debug|x86.ActiveCfg = Debug|x86
		{E53C1984-F8C9-49CE-AE55-58E8D1B6181F}.Debug|x86.Build.0 = Debug|x86
		{E53C1984-F8C9-49CE-AE55-58E8D1B6181F}.Debug|x86.Deploy.0 = Debug|x86
		{E53C1984-F8C9-49CE-AE55-58E8D1B6181F}.Release|Any CPU.ActiveCfg = Release|x86
		{E53C1984-F8C9-49CE-AE55-58E8D1B6181F}.Release|ARM.ActiveCfg = Release|ARM
		{E53C1984-F8C9-49CE-AE55-58E8D1B6181F}.Release|ARM.Build.0 = Release|ARM
		{E53C1984-F8C9-49CE-AE55-58E8D1B6181F}.Release|ARM.Deploy.0 = Release|ARM
		{E53C1984-F8C9-49CE-AE55-58E8D1B6181F}.Release|ARM64.ActiveCfg = Release|ARM64
		{E53C1984-F8C9-49CE-AE55-58E8D1B6181F}.Release|ARM64.Build.0 = Release|ARM64
		{E53C1984-F8C9-49CE-AE55-58E8D1B6181F}.Release|ARM64.Deploy.0 = Release|ARM64
		{E53C1984-F8C9-49CE-AE55-58E8D1B6181F}.Release|x64.ActiveCfg = Release|x64
		{E53C1984-F8C9-49CE-AE55-58E8D1B6181F}.Release|x64.Build.0 = Release|x64
		{E53C1984-F8C9-49CE-AE55-58E8D1B6181F}.Release|x64.Deploy.0 = Release|x64
		{E53C1984-F8C9-49CE-AE55-58E8D1B6181F}.Release|x86.ActiveCfg = Release|x86
		{E53C1984-F8C9-49CE-AE55-58E8D1B6181F}.Release|x86.Build.0 = Release|x86
		{E53C1984-F8C9-49CE-AE55-58E8D1B6181F}.Release|x86.Deploy.0 = Release|x86
		{CAFF3725-AD3F-4A9A-8657-6EC12DA1B831}.Debug|Any CPU.ActiveCfg = Debug|Any CPU
		{CAFF3725-AD3F-4A9A-8657-6EC12DA1B831}.Debug|Any CPU.Build.0 = Debug|Any CPU
		{CAFF3725-AD3F-4A9A-8657-6EC12DA1B831}.Debug|ARM.ActiveCfg = Debug|Any CPU
		{CAFF3725-AD3F-4A9A-8657-6EC12DA1B831}.Debug|ARM.Build.0 = Debug|Any CPU
		{CAFF3725-AD3F-4A9A-8657-6EC12DA1B831}.Debug|ARM64.ActiveCfg = Debug|Any CPU
		{CAFF3725-AD3F-4A9A-8657-6EC12DA1B831}.Debug|ARM64.Build.0 = Debug|Any CPU
		{CAFF3725-AD3F-4A9A-8657-6EC12DA1B831}.Debug|x64.ActiveCfg = Debug|Any CPU
		{CAFF3725-AD3F-4A9A-8657-6EC12DA1B831}.Debug|x64.Build.0 = Debug|Any CPU
		{CAFF3725-AD3F-4A9A-8657-6EC12DA1B831}.Debug|x86.ActiveCfg = Debug|Any CPU
		{CAFF3725-AD3F-4A9A-8657-6EC12DA1B831}.Debug|x86.Build.0 = Debug|Any CPU
		{CAFF3725-AD3F-4A9A-8657-6EC12DA1B831}.Release|Any CPU.ActiveCfg = Release|Any CPU
		{CAFF3725-AD3F-4A9A-8657-6EC12DA1B831}.Release|Any CPU.Build.0 = Release|Any CPU
		{CAFF3725-AD3F-4A9A-8657-6EC12DA1B831}.Release|ARM.ActiveCfg = Release|Any CPU
		{CAFF3725-AD3F-4A9A-8657-6EC12DA1B831}.Release|ARM.Build.0 = Release|Any CPU
		{CAFF3725-AD3F-4A9A-8657-6EC12DA1B831}.Release|ARM64.ActiveCfg = Release|Any CPU
		{CAFF3725-AD3F-4A9A-8657-6EC12DA1B831}.Release|ARM64.Build.0 = Release|Any CPU
		{CAFF3725-AD3F-4A9A-8657-6EC12DA1B831}.Release|x64.ActiveCfg = Release|Any CPU
		{CAFF3725-AD3F-4A9A-8657-6EC12DA1B831}.Release|x64.Build.0 = Release|Any CPU
		{CAFF3725-AD3F-4A9A-8657-6EC12DA1B831}.Release|x86.ActiveCfg = Release|Any CPU
		{CAFF3725-AD3F-4A9A-8657-6EC12DA1B831}.Release|x86.Build.0 = Release|Any CPU
		{6D6399A7-67E4-485E-B824-CA6689130FB4}.Debug|Any CPU.ActiveCfg = Debug|Any CPU
		{6D6399A7-67E4-485E-B824-CA6689130FB4}.Debug|Any CPU.Build.0 = Debug|Any CPU
		{6D6399A7-67E4-485E-B824-CA6689130FB4}.Debug|ARM.ActiveCfg = Debug|Any CPU
		{6D6399A7-67E4-485E-B824-CA6689130FB4}.Debug|ARM.Build.0 = Debug|Any CPU
		{6D6399A7-67E4-485E-B824-CA6689130FB4}.Debug|ARM64.ActiveCfg = Debug|Any CPU
		{6D6399A7-67E4-485E-B824-CA6689130FB4}.Debug|ARM64.Build.0 = Debug|Any CPU
		{6D6399A7-67E4-485E-B824-CA6689130FB4}.Debug|x64.ActiveCfg = Debug|x64
		{6D6399A7-67E4-485E-B824-CA6689130FB4}.Debug|x64.Build.0 = Debug|x64
		{6D6399A7-67E4-485E-B824-CA6689130FB4}.Debug|x86.ActiveCfg = Debug|Any CPU
		{6D6399A7-67E4-485E-B824-CA6689130FB4}.Debug|x86.Build.0 = Debug|Any CPU
		{6D6399A7-67E4-485E-B824-CA6689130FB4}.Release|Any CPU.ActiveCfg = Release|Any CPU
		{6D6399A7-67E4-485E-B824-CA6689130FB4}.Release|Any CPU.Build.0 = Release|Any CPU
		{6D6399A7-67E4-485E-B824-CA6689130FB4}.Release|ARM.ActiveCfg = Release|Any CPU
		{6D6399A7-67E4-485E-B824-CA6689130FB4}.Release|ARM.Build.0 = Release|Any CPU
		{6D6399A7-67E4-485E-B824-CA6689130FB4}.Release|ARM64.ActiveCfg = Release|Any CPU
		{6D6399A7-67E4-485E-B824-CA6689130FB4}.Release|ARM64.Build.0 = Release|Any CPU
		{6D6399A7-67E4-485E-B824-CA6689130FB4}.Release|x64.ActiveCfg = Release|x64
		{6D6399A7-67E4-485E-B824-CA6689130FB4}.Release|x64.Build.0 = Release|x64
		{6D6399A7-67E4-485E-B824-CA6689130FB4}.Release|x86.ActiveCfg = Release|Any CPU
		{6D6399A7-67E4-485E-B824-CA6689130FB4}.Release|x86.Build.0 = Release|Any CPU
		{023C81A9-227E-48E2-86E3-2CA6BE4C7797}.Debug|Any CPU.ActiveCfg = Debug|Any CPU
		{023C81A9-227E-48E2-86E3-2CA6BE4C7797}.Debug|Any CPU.Build.0 = Debug|Any CPU
		{023C81A9-227E-48E2-86E3-2CA6BE4C7797}.Debug|ARM.ActiveCfg = Debug|Any CPU
		{023C81A9-227E-48E2-86E3-2CA6BE4C7797}.Debug|ARM.Build.0 = Debug|Any CPU
		{023C81A9-227E-48E2-86E3-2CA6BE4C7797}.Debug|ARM64.ActiveCfg = Debug|Any CPU
		{023C81A9-227E-48E2-86E3-2CA6BE4C7797}.Debug|ARM64.Build.0 = Debug|Any CPU
		{023C81A9-227E-48E2-86E3-2CA6BE4C7797}.Debug|x64.ActiveCfg = Debug|x64
		{023C81A9-227E-48E2-86E3-2CA6BE4C7797}.Debug|x64.Build.0 = Debug|x64
		{023C81A9-227E-48E2-86E3-2CA6BE4C7797}.Debug|x86.ActiveCfg = Debug|Any CPU
		{023C81A9-227E-48E2-86E3-2CA6BE4C7797}.Debug|x86.Build.0 = Debug|Any CPU
		{023C81A9-227E-48E2-86E3-2CA6BE4C7797}.Release|Any CPU.ActiveCfg = Release|Any CPU
		{023C81A9-227E-48E2-86E3-2CA6BE4C7797}.Release|Any CPU.Build.0 = Release|Any CPU
		{023C81A9-227E-48E2-86E3-2CA6BE4C7797}.Release|ARM.ActiveCfg = Release|Any CPU
		{023C81A9-227E-48E2-86E3-2CA6BE4C7797}.Release|ARM.Build.0 = Release|Any CPU
		{023C81A9-227E-48E2-86E3-2CA6BE4C7797}.Release|ARM64.ActiveCfg = Release|Any CPU
		{023C81A9-227E-48E2-86E3-2CA6BE4C7797}.Release|ARM64.Build.0 = Release|Any CPU
		{023C81A9-227E-48E2-86E3-2CA6BE4C7797}.Release|x64.ActiveCfg = Release|x64
		{023C81A9-227E-48E2-86E3-2CA6BE4C7797}.Release|x64.Build.0 = Release|x64
		{023C81A9-227E-48E2-86E3-2CA6BE4C7797}.Release|x86.ActiveCfg = Release|Any CPU
		{023C81A9-227E-48E2-86E3-2CA6BE4C7797}.Release|x86.Build.0 = Release|Any CPU
		{E1CE2F68-68BE-44D7-8059-082C2FD7FC6C}.Debug|Any CPU.ActiveCfg = Debug|Any CPU
		{E1CE2F68-68BE-44D7-8059-082C2FD7FC6C}.Debug|Any CPU.Build.0 = Debug|Any CPU
		{E1CE2F68-68BE-44D7-8059-082C2FD7FC6C}.Debug|ARM.ActiveCfg = Debug|Any CPU
		{E1CE2F68-68BE-44D7-8059-082C2FD7FC6C}.Debug|ARM.Build.0 = Debug|Any CPU
		{E1CE2F68-68BE-44D7-8059-082C2FD7FC6C}.Debug|ARM64.ActiveCfg = Debug|Any CPU
		{E1CE2F68-68BE-44D7-8059-082C2FD7FC6C}.Debug|ARM64.Build.0 = Debug|Any CPU
		{E1CE2F68-68BE-44D7-8059-082C2FD7FC6C}.Debug|x64.ActiveCfg = Debug|x64
		{E1CE2F68-68BE-44D7-8059-082C2FD7FC6C}.Debug|x64.Build.0 = Debug|x64
		{E1CE2F68-68BE-44D7-8059-082C2FD7FC6C}.Debug|x86.ActiveCfg = Debug|Any CPU
		{E1CE2F68-68BE-44D7-8059-082C2FD7FC6C}.Debug|x86.Build.0 = Debug|Any CPU
		{E1CE2F68-68BE-44D7-8059-082C2FD7FC6C}.Release|Any CPU.ActiveCfg = Release|Any CPU
		{E1CE2F68-68BE-44D7-8059-082C2FD7FC6C}.Release|Any CPU.Build.0 = Release|Any CPU
		{E1CE2F68-68BE-44D7-8059-082C2FD7FC6C}.Release|ARM.ActiveCfg = Release|Any CPU
		{E1CE2F68-68BE-44D7-8059-082C2FD7FC6C}.Release|ARM.Build.0 = Release|Any CPU
		{E1CE2F68-68BE-44D7-8059-082C2FD7FC6C}.Release|ARM64.ActiveCfg = Release|Any CPU
		{E1CE2F68-68BE-44D7-8059-082C2FD7FC6C}.Release|ARM64.Build.0 = Release|Any CPU
		{E1CE2F68-68BE-44D7-8059-082C2FD7FC6C}.Release|x64.ActiveCfg = Release|x64
		{E1CE2F68-68BE-44D7-8059-082C2FD7FC6C}.Release|x64.Build.0 = Release|x64
		{E1CE2F68-68BE-44D7-8059-082C2FD7FC6C}.Release|x86.ActiveCfg = Release|Any CPU
		{E1CE2F68-68BE-44D7-8059-082C2FD7FC6C}.Release|x86.Build.0 = Release|Any CPU
		{7A8A9E2F-200F-4733-81F4-B694B95AF167}.Debug|Any CPU.ActiveCfg = Debug|Any CPU
		{7A8A9E2F-200F-4733-81F4-B694B95AF167}.Debug|Any CPU.Build.0 = Debug|Any CPU
		{7A8A9E2F-200F-4733-81F4-B694B95AF167}.Debug|ARM.ActiveCfg = Debug|Any CPU
		{7A8A9E2F-200F-4733-81F4-B694B95AF167}.Debug|ARM.Build.0 = Debug|Any CPU
		{7A8A9E2F-200F-4733-81F4-B694B95AF167}.Debug|ARM64.ActiveCfg = Debug|Any CPU
		{7A8A9E2F-200F-4733-81F4-B694B95AF167}.Debug|ARM64.Build.0 = Debug|Any CPU
		{7A8A9E2F-200F-4733-81F4-B694B95AF167}.Debug|x64.ActiveCfg = Debug|x64
		{7A8A9E2F-200F-4733-81F4-B694B95AF167}.Debug|x64.Build.0 = Debug|x64
		{7A8A9E2F-200F-4733-81F4-B694B95AF167}.Debug|x86.ActiveCfg = Debug|Any CPU
		{7A8A9E2F-200F-4733-81F4-B694B95AF167}.Debug|x86.Build.0 = Debug|Any CPU
		{7A8A9E2F-200F-4733-81F4-B694B95AF167}.Release|Any CPU.ActiveCfg = Release|Any CPU
		{7A8A9E2F-200F-4733-81F4-B694B95AF167}.Release|Any CPU.Build.0 = Release|Any CPU
		{7A8A9E2F-200F-4733-81F4-B694B95AF167}.Release|ARM.ActiveCfg = Release|Any CPU
		{7A8A9E2F-200F-4733-81F4-B694B95AF167}.Release|ARM.Build.0 = Release|Any CPU
		{7A8A9E2F-200F-4733-81F4-B694B95AF167}.Release|ARM64.ActiveCfg = Release|Any CPU
		{7A8A9E2F-200F-4733-81F4-B694B95AF167}.Release|ARM64.Build.0 = Release|Any CPU
		{7A8A9E2F-200F-4733-81F4-B694B95AF167}.Release|x64.ActiveCfg = Release|x64
		{7A8A9E2F-200F-4733-81F4-B694B95AF167}.Release|x64.Build.0 = Release|x64
		{7A8A9E2F-200F-4733-81F4-B694B95AF167}.Release|x86.ActiveCfg = Release|Any CPU
		{7A8A9E2F-200F-4733-81F4-B694B95AF167}.Release|x86.Build.0 = Release|Any CPU
		{3F7FD126-46B2-463D-9BC7-D6D0A013BF85}.Debug|Any CPU.ActiveCfg = Debug|Any CPU
		{3F7FD126-46B2-463D-9BC7-D6D0A013BF85}.Debug|Any CPU.Build.0 = Debug|Any CPU
		{3F7FD126-46B2-463D-9BC7-D6D0A013BF85}.Debug|ARM.ActiveCfg = Debug|Any CPU
		{3F7FD126-46B2-463D-9BC7-D6D0A013BF85}.Debug|ARM.Build.0 = Debug|Any CPU
		{3F7FD126-46B2-463D-9BC7-D6D0A013BF85}.Debug|ARM64.ActiveCfg = Debug|Any CPU
		{3F7FD126-46B2-463D-9BC7-D6D0A013BF85}.Debug|ARM64.Build.0 = Debug|Any CPU
		{3F7FD126-46B2-463D-9BC7-D6D0A013BF85}.Debug|x64.ActiveCfg = Debug|x64
		{3F7FD126-46B2-463D-9BC7-D6D0A013BF85}.Debug|x64.Build.0 = Debug|x64
		{3F7FD126-46B2-463D-9BC7-D6D0A013BF85}.Debug|x86.ActiveCfg = Debug|Any CPU
		{3F7FD126-46B2-463D-9BC7-D6D0A013BF85}.Debug|x86.Build.0 = Debug|Any CPU
		{3F7FD126-46B2-463D-9BC7-D6D0A013BF85}.Release|Any CPU.ActiveCfg = Release|Any CPU
		{3F7FD126-46B2-463D-9BC7-D6D0A013BF85}.Release|Any CPU.Build.0 = Release|Any CPU
		{3F7FD126-46B2-463D-9BC7-D6D0A013BF85}.Release|ARM.ActiveCfg = Release|Any CPU
		{3F7FD126-46B2-463D-9BC7-D6D0A013BF85}.Release|ARM.Build.0 = Release|Any CPU
		{3F7FD126-46B2-463D-9BC7-D6D0A013BF85}.Release|ARM64.ActiveCfg = Release|Any CPU
		{3F7FD126-46B2-463D-9BC7-D6D0A013BF85}.Release|ARM64.Build.0 = Release|Any CPU
		{3F7FD126-46B2-463D-9BC7-D6D0A013BF85}.Release|x64.ActiveCfg = Release|x64
		{3F7FD126-46B2-463D-9BC7-D6D0A013BF85}.Release|x64.Build.0 = Release|x64
		{3F7FD126-46B2-463D-9BC7-D6D0A013BF85}.Release|x86.ActiveCfg = Release|Any CPU
		{3F7FD126-46B2-463D-9BC7-D6D0A013BF85}.Release|x86.Build.0 = Release|Any CPU
		{C99D616A-9A87-472D-A1F5-825E463484C8}.Debug|Any CPU.ActiveCfg = Debug|Any CPU
		{C99D616A-9A87-472D-A1F5-825E463484C8}.Debug|Any CPU.Build.0 = Debug|Any CPU
		{C99D616A-9A87-472D-A1F5-825E463484C8}.Debug|ARM.ActiveCfg = Debug|Any CPU
		{C99D616A-9A87-472D-A1F5-825E463484C8}.Debug|ARM.Build.0 = Debug|Any CPU
		{C99D616A-9A87-472D-A1F5-825E463484C8}.Debug|ARM64.ActiveCfg = Debug|Any CPU
		{C99D616A-9A87-472D-A1F5-825E463484C8}.Debug|ARM64.Build.0 = Debug|Any CPU
		{C99D616A-9A87-472D-A1F5-825E463484C8}.Debug|x64.ActiveCfg = Debug|Any CPU
		{C99D616A-9A87-472D-A1F5-825E463484C8}.Debug|x64.Build.0 = Debug|Any CPU
		{C99D616A-9A87-472D-A1F5-825E463484C8}.Debug|x86.ActiveCfg = Debug|Any CPU
		{C99D616A-9A87-472D-A1F5-825E463484C8}.Debug|x86.Build.0 = Debug|Any CPU
		{C99D616A-9A87-472D-A1F5-825E463484C8}.Release|Any CPU.ActiveCfg = Release|Any CPU
		{C99D616A-9A87-472D-A1F5-825E463484C8}.Release|Any CPU.Build.0 = Release|Any CPU
		{C99D616A-9A87-472D-A1F5-825E463484C8}.Release|ARM.ActiveCfg = Release|Any CPU
		{C99D616A-9A87-472D-A1F5-825E463484C8}.Release|ARM.Build.0 = Release|Any CPU
		{C99D616A-9A87-472D-A1F5-825E463484C8}.Release|ARM64.ActiveCfg = Release|Any CPU
		{C99D616A-9A87-472D-A1F5-825E463484C8}.Release|ARM64.Build.0 = Release|Any CPU
		{C99D616A-9A87-472D-A1F5-825E463484C8}.Release|x64.ActiveCfg = Release|Any CPU
		{C99D616A-9A87-472D-A1F5-825E463484C8}.Release|x64.Build.0 = Release|Any CPU
		{C99D616A-9A87-472D-A1F5-825E463484C8}.Release|x86.ActiveCfg = Release|Any CPU
		{C99D616A-9A87-472D-A1F5-825E463484C8}.Release|x86.Build.0 = Release|Any CPU
		{D513AE39-226D-4854-A285-DF2F4CA98C87}.Debug|Any CPU.ActiveCfg = Debug|Any CPU
		{D513AE39-226D-4854-A285-DF2F4CA98C87}.Debug|Any CPU.Build.0 = Debug|Any CPU
		{D513AE39-226D-4854-A285-DF2F4CA98C87}.Debug|ARM.ActiveCfg = Debug|Any CPU
		{D513AE39-226D-4854-A285-DF2F4CA98C87}.Debug|ARM.Build.0 = Debug|Any CPU
		{D513AE39-226D-4854-A285-DF2F4CA98C87}.Debug|ARM64.ActiveCfg = Debug|Any CPU
		{D513AE39-226D-4854-A285-DF2F4CA98C87}.Debug|ARM64.Build.0 = Debug|Any CPU
		{D513AE39-226D-4854-A285-DF2F4CA98C87}.Debug|x64.ActiveCfg = Debug|Any CPU
		{D513AE39-226D-4854-A285-DF2F4CA98C87}.Debug|x64.Build.0 = Debug|Any CPU
		{D513AE39-226D-4854-A285-DF2F4CA98C87}.Debug|x86.ActiveCfg = Debug|Any CPU
		{D513AE39-226D-4854-A285-DF2F4CA98C87}.Debug|x86.Build.0 = Debug|Any CPU
		{D513AE39-226D-4854-A285-DF2F4CA98C87}.Release|Any CPU.ActiveCfg = Release|Any CPU
		{D513AE39-226D-4854-A285-DF2F4CA98C87}.Release|Any CPU.Build.0 = Release|Any CPU
		{D513AE39-226D-4854-A285-DF2F4CA98C87}.Release|ARM.ActiveCfg = Release|Any CPU
		{D513AE39-226D-4854-A285-DF2F4CA98C87}.Release|ARM.Build.0 = Release|Any CPU
		{D513AE39-226D-4854-A285-DF2F4CA98C87}.Release|ARM64.ActiveCfg = Release|Any CPU
		{D513AE39-226D-4854-A285-DF2F4CA98C87}.Release|ARM64.Build.0 = Release|Any CPU
		{D513AE39-226D-4854-A285-DF2F4CA98C87}.Release|x64.ActiveCfg = Release|Any CPU
		{D513AE39-226D-4854-A285-DF2F4CA98C87}.Release|x64.Build.0 = Release|Any CPU
		{D513AE39-226D-4854-A285-DF2F4CA98C87}.Release|x86.ActiveCfg = Release|Any CPU
		{D513AE39-226D-4854-A285-DF2F4CA98C87}.Release|x86.Build.0 = Release|Any CPU
		{26CA8949-C20A-405D-B6F5-A8DE411E71A5}.Debug|Any CPU.ActiveCfg = Debug|Any CPU
		{26CA8949-C20A-405D-B6F5-A8DE411E71A5}.Debug|Any CPU.Build.0 = Debug|Any CPU
		{26CA8949-C20A-405D-B6F5-A8DE411E71A5}.Debug|ARM.ActiveCfg = Debug|Any CPU
		{26CA8949-C20A-405D-B6F5-A8DE411E71A5}.Debug|ARM.Build.0 = Debug|Any CPU
		{26CA8949-C20A-405D-B6F5-A8DE411E71A5}.Debug|ARM64.ActiveCfg = Debug|Any CPU
		{26CA8949-C20A-405D-B6F5-A8DE411E71A5}.Debug|ARM64.Build.0 = Debug|Any CPU
		{26CA8949-C20A-405D-B6F5-A8DE411E71A5}.Debug|x64.ActiveCfg = Debug|Any CPU
		{26CA8949-C20A-405D-B6F5-A8DE411E71A5}.Debug|x64.Build.0 = Debug|Any CPU
		{26CA8949-C20A-405D-B6F5-A8DE411E71A5}.Debug|x86.ActiveCfg = Debug|Any CPU
		{26CA8949-C20A-405D-B6F5-A8DE411E71A5}.Debug|x86.Build.0 = Debug|Any CPU
		{26CA8949-C20A-405D-B6F5-A8DE411E71A5}.Release|Any CPU.ActiveCfg = Release|Any CPU
		{26CA8949-C20A-405D-B6F5-A8DE411E71A5}.Release|Any CPU.Build.0 = Release|Any CPU
		{26CA8949-C20A-405D-B6F5-A8DE411E71A5}.Release|ARM.ActiveCfg = Release|Any CPU
		{26CA8949-C20A-405D-B6F5-A8DE411E71A5}.Release|ARM.Build.0 = Release|Any CPU
		{26CA8949-C20A-405D-B6F5-A8DE411E71A5}.Release|ARM64.ActiveCfg = Release|Any CPU
		{26CA8949-C20A-405D-B6F5-A8DE411E71A5}.Release|ARM64.Build.0 = Release|Any CPU
		{26CA8949-C20A-405D-B6F5-A8DE411E71A5}.Release|x64.ActiveCfg = Release|Any CPU
		{26CA8949-C20A-405D-B6F5-A8DE411E71A5}.Release|x64.Build.0 = Release|Any CPU
		{26CA8949-C20A-405D-B6F5-A8DE411E71A5}.Release|x86.ActiveCfg = Release|Any CPU
		{26CA8949-C20A-405D-B6F5-A8DE411E71A5}.Release|x86.Build.0 = Release|Any CPU
		{15B8A9A6-71FE-4820-BD92-59E012F02DEF}.Debug|Any CPU.ActiveCfg = Debug|x86
		{15B8A9A6-71FE-4820-BD92-59E012F02DEF}.Debug|ARM.ActiveCfg = Debug|ARM
		{15B8A9A6-71FE-4820-BD92-59E012F02DEF}.Debug|ARM.Build.0 = Debug|ARM
		{15B8A9A6-71FE-4820-BD92-59E012F02DEF}.Debug|ARM.Deploy.0 = Debug|ARM
		{15B8A9A6-71FE-4820-BD92-59E012F02DEF}.Debug|ARM64.ActiveCfg = Debug|ARM64
		{15B8A9A6-71FE-4820-BD92-59E012F02DEF}.Debug|ARM64.Build.0 = Debug|ARM64
		{15B8A9A6-71FE-4820-BD92-59E012F02DEF}.Debug|ARM64.Deploy.0 = Debug|ARM64
		{15B8A9A6-71FE-4820-BD92-59E012F02DEF}.Debug|x64.ActiveCfg = Debug|x64
		{15B8A9A6-71FE-4820-BD92-59E012F02DEF}.Debug|x64.Build.0 = Debug|x64
		{15B8A9A6-71FE-4820-BD92-59E012F02DEF}.Debug|x64.Deploy.0 = Debug|x64
		{15B8A9A6-71FE-4820-BD92-59E012F02DEF}.Debug|x86.ActiveCfg = Debug|x86
		{15B8A9A6-71FE-4820-BD92-59E012F02DEF}.Debug|x86.Build.0 = Debug|x86
		{15B8A9A6-71FE-4820-BD92-59E012F02DEF}.Debug|x86.Deploy.0 = Debug|x86
		{15B8A9A6-71FE-4820-BD92-59E012F02DEF}.Release|Any CPU.ActiveCfg = Release|x86
		{15B8A9A6-71FE-4820-BD92-59E012F02DEF}.Release|ARM.ActiveCfg = Release|ARM
		{15B8A9A6-71FE-4820-BD92-59E012F02DEF}.Release|ARM.Build.0 = Release|ARM
		{15B8A9A6-71FE-4820-BD92-59E012F02DEF}.Release|ARM.Deploy.0 = Release|ARM
		{15B8A9A6-71FE-4820-BD92-59E012F02DEF}.Release|ARM64.ActiveCfg = Release|ARM64
		{15B8A9A6-71FE-4820-BD92-59E012F02DEF}.Release|ARM64.Build.0 = Release|ARM64
		{15B8A9A6-71FE-4820-BD92-59E012F02DEF}.Release|ARM64.Deploy.0 = Release|ARM64
		{15B8A9A6-71FE-4820-BD92-59E012F02DEF}.Release|x64.ActiveCfg = Release|x64
		{15B8A9A6-71FE-4820-BD92-59E012F02DEF}.Release|x64.Build.0 = Release|x64
		{15B8A9A6-71FE-4820-BD92-59E012F02DEF}.Release|x64.Deploy.0 = Release|x64
		{15B8A9A6-71FE-4820-BD92-59E012F02DEF}.Release|x86.ActiveCfg = Release|x86
		{15B8A9A6-71FE-4820-BD92-59E012F02DEF}.Release|x86.Build.0 = Release|x86
		{15B8A9A6-71FE-4820-BD92-59E012F02DEF}.Release|x86.Deploy.0 = Release|x86
		{AF070E4E-81F9-4759-8537-EDD67E7163F2}.Debug|Any CPU.ActiveCfg = Debug|x86
		{AF070E4E-81F9-4759-8537-EDD67E7163F2}.Debug|ARM.ActiveCfg = Debug|ARM
		{AF070E4E-81F9-4759-8537-EDD67E7163F2}.Debug|ARM.Build.0 = Debug|ARM
		{AF070E4E-81F9-4759-8537-EDD67E7163F2}.Debug|ARM.Deploy.0 = Debug|ARM
		{AF070E4E-81F9-4759-8537-EDD67E7163F2}.Debug|ARM64.ActiveCfg = Debug|ARM64
		{AF070E4E-81F9-4759-8537-EDD67E7163F2}.Debug|ARM64.Build.0 = Debug|ARM64
		{AF070E4E-81F9-4759-8537-EDD67E7163F2}.Debug|ARM64.Deploy.0 = Debug|ARM64
		{AF070E4E-81F9-4759-8537-EDD67E7163F2}.Debug|x64.ActiveCfg = Debug|x64
		{AF070E4E-81F9-4759-8537-EDD67E7163F2}.Debug|x64.Build.0 = Debug|x64
		{AF070E4E-81F9-4759-8537-EDD67E7163F2}.Debug|x64.Deploy.0 = Debug|x64
		{AF070E4E-81F9-4759-8537-EDD67E7163F2}.Debug|x86.ActiveCfg = Debug|x86
		{AF070E4E-81F9-4759-8537-EDD67E7163F2}.Debug|x86.Build.0 = Debug|x86
		{AF070E4E-81F9-4759-8537-EDD67E7163F2}.Debug|x86.Deploy.0 = Debug|x86
		{AF070E4E-81F9-4759-8537-EDD67E7163F2}.Release|Any CPU.ActiveCfg = Release|x86
		{AF070E4E-81F9-4759-8537-EDD67E7163F2}.Release|ARM.ActiveCfg = Release|ARM
		{AF070E4E-81F9-4759-8537-EDD67E7163F2}.Release|ARM.Build.0 = Release|ARM
		{AF070E4E-81F9-4759-8537-EDD67E7163F2}.Release|ARM.Deploy.0 = Release|ARM
		{AF070E4E-81F9-4759-8537-EDD67E7163F2}.Release|ARM64.ActiveCfg = Release|ARM64
		{AF070E4E-81F9-4759-8537-EDD67E7163F2}.Release|ARM64.Build.0 = Release|ARM64
		{AF070E4E-81F9-4759-8537-EDD67E7163F2}.Release|ARM64.Deploy.0 = Release|ARM64
		{AF070E4E-81F9-4759-8537-EDD67E7163F2}.Release|x64.ActiveCfg = Release|x64
		{AF070E4E-81F9-4759-8537-EDD67E7163F2}.Release|x64.Build.0 = Release|x64
		{AF070E4E-81F9-4759-8537-EDD67E7163F2}.Release|x64.Deploy.0 = Release|x64
		{AF070E4E-81F9-4759-8537-EDD67E7163F2}.Release|x86.ActiveCfg = Release|x86
		{AF070E4E-81F9-4759-8537-EDD67E7163F2}.Release|x86.Build.0 = Release|x86
		{AF070E4E-81F9-4759-8537-EDD67E7163F2}.Release|x86.Deploy.0 = Release|x86
		{AD8EF8EE-C8BF-4F40-9065-1EE4347CD440}.Debug|Any CPU.ActiveCfg = Debug|x86
		{AD8EF8EE-C8BF-4F40-9065-1EE4347CD440}.Debug|ARM.ActiveCfg = Debug|ARM
		{AD8EF8EE-C8BF-4F40-9065-1EE4347CD440}.Debug|ARM.Build.0 = Debug|ARM
		{AD8EF8EE-C8BF-4F40-9065-1EE4347CD440}.Debug|ARM.Deploy.0 = Debug|ARM
		{AD8EF8EE-C8BF-4F40-9065-1EE4347CD440}.Debug|ARM64.ActiveCfg = Debug|ARM64
		{AD8EF8EE-C8BF-4F40-9065-1EE4347CD440}.Debug|ARM64.Build.0 = Debug|ARM64
		{AD8EF8EE-C8BF-4F40-9065-1EE4347CD440}.Debug|ARM64.Deploy.0 = Debug|ARM64
		{AD8EF8EE-C8BF-4F40-9065-1EE4347CD440}.Debug|x64.ActiveCfg = Debug|x64
		{AD8EF8EE-C8BF-4F40-9065-1EE4347CD440}.Debug|x64.Build.0 = Debug|x64
		{AD8EF8EE-C8BF-4F40-9065-1EE4347CD440}.Debug|x64.Deploy.0 = Debug|x64
		{AD8EF8EE-C8BF-4F40-9065-1EE4347CD440}.Debug|x86.ActiveCfg = Debug|x86
		{AD8EF8EE-C8BF-4F40-9065-1EE4347CD440}.Debug|x86.Build.0 = Debug|x86
		{AD8EF8EE-C8BF-4F40-9065-1EE4347CD440}.Debug|x86.Deploy.0 = Debug|x86
		{AD8EF8EE-C8BF-4F40-9065-1EE4347CD440}.Release|Any CPU.ActiveCfg = Release|x86
		{AD8EF8EE-C8BF-4F40-9065-1EE4347CD440}.Release|ARM.ActiveCfg = Release|ARM
		{AD8EF8EE-C8BF-4F40-9065-1EE4347CD440}.Release|ARM.Build.0 = Release|ARM
		{AD8EF8EE-C8BF-4F40-9065-1EE4347CD440}.Release|ARM.Deploy.0 = Release|ARM
		{AD8EF8EE-C8BF-4F40-9065-1EE4347CD440}.Release|ARM64.ActiveCfg = Release|ARM64
		{AD8EF8EE-C8BF-4F40-9065-1EE4347CD440}.Release|ARM64.Build.0 = Release|ARM64
		{AD8EF8EE-C8BF-4F40-9065-1EE4347CD440}.Release|ARM64.Deploy.0 = Release|ARM64
		{AD8EF8EE-C8BF-4F40-9065-1EE4347CD440}.Release|x64.ActiveCfg = Release|x64
		{AD8EF8EE-C8BF-4F40-9065-1EE4347CD440}.Release|x64.Build.0 = Release|x64
		{AD8EF8EE-C8BF-4F40-9065-1EE4347CD440}.Release|x64.Deploy.0 = Release|x64
		{AD8EF8EE-C8BF-4F40-9065-1EE4347CD440}.Release|x86.ActiveCfg = Release|x86
		{AD8EF8EE-C8BF-4F40-9065-1EE4347CD440}.Release|x86.Build.0 = Release|x86
		{AD8EF8EE-C8BF-4F40-9065-1EE4347CD440}.Release|x86.Deploy.0 = Release|x86
	EndGlobalSection
	GlobalSection(SolutionProperties) = preSolution
		HideSolutionNode = FALSE
	EndGlobalSection
	GlobalSection(NestedProjects) = preSolution
		{6D6399A7-67E4-485E-B824-CA6689130FB4} = {08856307-9386-42F6-82CC-EB1A32189B65}
		{023C81A9-227E-48E2-86E3-2CA6BE4C7797} = {08856307-9386-42F6-82CC-EB1A32189B65}
		{E1CE2F68-68BE-44D7-8059-082C2FD7FC6C} = {08856307-9386-42F6-82CC-EB1A32189B65}
		{7A8A9E2F-200F-4733-81F4-B694B95AF167} = {08856307-9386-42F6-82CC-EB1A32189B65}
		{3F7FD126-46B2-463D-9BC7-D6D0A013BF85} = {08856307-9386-42F6-82CC-EB1A32189B65}
		{C99D616A-9A87-472D-A1F5-825E463484C8} = {08856307-9386-42F6-82CC-EB1A32189B65}
	EndGlobalSection
	GlobalSection(ExtensibilityGlobals) = postSolution
		SolutionGuid = {3B2D93AA-5288-47B3-890F-90072FE4094A}
	EndGlobalSection
EndGlobal
